// !$*UTF8*$!
{
	archiveVersion = 1;
	classes = {
	};
	objectVersion = 48;
	objects = {

/* Begin PBXBuildFile section */
		3CAB426C206A9B9C00B96A8D /* AppDelegate.m in Sources */ = {isa = PBXBuildFile; fileRef = 3CAB426B206A9B9C00B96A8D /* AppDelegate.m */; };
		3CAB426F206A9B9C00B96A8D /* ViewController.m in Sources */ = {isa = PBXBuildFile; fileRef = 3CAB426E206A9B9C00B96A8D /* ViewController.m */; };
		3CAB4272206A9B9C00B96A8D /* Main.storyboard in Resources */ = {isa = PBXBuildFile; fileRef = 3CAB4270206A9B9C00B96A8D /* Main.storyboard */; };
		3CAB4274206A9B9C00B96A8D /* Assets.xcassets in Resources */ = {isa = PBXBuildFile; fileRef = 3CAB4273206A9B9C00B96A8D /* Assets.xcassets */; };
		3CAB4277206A9B9C00B96A8D /* LaunchScreen.storyboard in Resources */ = {isa = PBXBuildFile; fileRef = 3CAB4275206A9B9C00B96A8D /* LaunchScreen.storyboard */; };
		3CAB427A206A9B9C00B96A8D /* main.m in Sources */ = {isa = PBXBuildFile; fileRef = 3CAB4279206A9B9C00B96A8D /* main.m */; };
		3CAB4282206AA5F100B96A8D /* Food.m in Sources */ = {isa = PBXBuildFile; fileRef = 3CAB4281206AA5F100B96A8D /* Food.m */; };
		3CAB4285206BE89700B96A8D /* FoodTableViewCell.m in Sources */ = {isa = PBXBuildFile; fileRef = 3CAB4284206BE89700B96A8D /* FoodTableViewCell.m */; };
		3CAB4288206BECF000B96A8D /* MenuTableViewController.m in Sources */ = {isa = PBXBuildFile; fileRef = 3CAB4287206BECF000B96A8D /* MenuTableViewController.m */; };
/* End PBXBuildFile section */

/* Begin PBXFileReference section */
		3CAB4267206A9B9C00B96A8D /* AcamicaCourseApp.app */ = {isa = PBXFileReference; explicitFileType = wrapper.application; includeInIndex = 0; path = AcamicaCourseApp.app; sourceTree = BUILT_PRODUCTS_DIR; };
		3CAB426A206A9B9C00B96A8D /* AppDelegate.h */ = {isa = PBXFileReference; lastKnownFileType = sourcecode.c.h; path = AppDelegate.h; sourceTree = "<group>"; };
		3CAB426B206A9B9C00B96A8D /* AppDelegate.m */ = {isa = PBXFileReference; lastKnownFileType = sourcecode.c.objc; path = AppDelegate.m; sourceTree = "<group>"; };
		3CAB426D206A9B9C00B96A8D /* ViewController.h */ = {isa = PBXFileReference; lastKnownFileType = sourcecode.c.h; path = ViewController.h; sourceTree = "<group>"; };
		3CAB426E206A9B9C00B96A8D /* ViewController.m */ = {isa = PBXFileReference; lastKnownFileType = sourcecode.c.objc; path = ViewController.m; sourceTree = "<group>"; };
		3CAB4271206A9B9C00B96A8D /* Base */ = {isa = PBXFileReference; lastKnownFileType = file.storyboard; name = Base; path = Base.lproj/Main.storyboard; sourceTree = "<group>"; };
		3CAB4273206A9B9C00B96A8D /* Assets.xcassets */ = {isa = PBXFileReference; lastKnownFileType = folder.assetcatalog; path = Assets.xcassets; sourceTree = "<group>"; };
		3CAB4276206A9B9C00B96A8D /* Base */ = {isa = PBXFileReference; lastKnownFileType = file.storyboard; name = Base; path = Base.lproj/LaunchScreen.storyboard; sourceTree = "<group>"; };
		3CAB4278206A9B9C00B96A8D /* Info.plist */ = {isa = PBXFileReference; lastKnownFileType = text.plist.xml; path = Info.plist; sourceTree = "<group>"; };
		3CAB4279206A9B9C00B96A8D /* main.m */ = {isa = PBXFileReference; lastKnownFileType = sourcecode.c.objc; path = main.m; sourceTree = "<group>"; };
		3CAB4280206AA5F100B96A8D /* Food.h */ = {isa = PBXFileReference; lastKnownFileType = sourcecode.c.h; path = Food.h; sourceTree = "<group>"; };
		3CAB4281206AA5F100B96A8D /* Food.m */ = {isa = PBXFileReference; lastKnownFileType = sourcecode.c.objc; path = Food.m; sourceTree = "<group>"; };
		3CAB4283206BE89700B96A8D /* FoodTableViewCell.h */ = {isa = PBXFileReference; lastKnownFileType = sourcecode.c.h; path = FoodTableViewCell.h; sourceTree = "<group>"; };
		3CAB4284206BE89700B96A8D /* FoodTableViewCell.m */ = {isa = PBXFileReference; lastKnownFileType = sourcecode.c.objc; path = FoodTableViewCell.m; sourceTree = "<group>"; };
		3CAB4286206BECF000B96A8D /* MenuTableViewController.h */ = {isa = PBXFileReference; lastKnownFileType = sourcecode.c.h; path = MenuTableViewController.h; sourceTree = "<group>"; };
		3CAB4287206BECF000B96A8D /* MenuTableViewController.m */ = {isa = PBXFileReference; lastKnownFileType = sourcecode.c.objc; path = MenuTableViewController.m; sourceTree = "<group>"; };
/* End PBXFileReference section */

/* Begin PBXFrameworksBuildPhase section */
		3CAB4264206A9B9C00B96A8D /* Frameworks */ = {
			isa = PBXFrameworksBuildPhase;
			buildActionMask = 2147483647;
			files = (
			);
			runOnlyForDeploymentPostprocessing = 0;
		};
/* End PBXFrameworksBuildPhase section */

/* Begin PBXGroup section */
		3CAB425E206A9B9C00B96A8D = {
			isa = PBXGroup;
			children = (
				3CAB4269206A9B9C00B96A8D /* AcamicaCourseApp */,
				3CAB4268206A9B9C00B96A8D /* Products */,
			);
			sourceTree = "<group>";
		};
		3CAB4268206A9B9C00B96A8D /* Products */ = {
			isa = PBXGroup;
			children = (
				3CAB4267206A9B9C00B96A8D /* AcamicaCourseApp.app */,
			);
			name = Products;
			sourceTree = "<group>";
		};
		3CAB4269206A9B9C00B96A8D /* AcamicaCourseApp */ = {
			isa = PBXGroup;
			children = (
				3CAB426A206A9B9C00B96A8D /* AppDelegate.h */,
				3CAB426B206A9B9C00B96A8D /* AppDelegate.m */,
				3CAB426D206A9B9C00B96A8D /* ViewController.h */,
				3CAB426E206A9B9C00B96A8D /* ViewController.m */,
				3CAB4270206A9B9C00B96A8D /* Main.storyboard */,
				3CAB4280206AA5F100B96A8D /* Food.h */,
				3CAB4281206AA5F100B96A8D /* Food.m */,
				3CAB4273206A9B9C00B96A8D /* Assets.xcassets */,
				3CAB4275206A9B9C00B96A8D /* LaunchScreen.storyboard */,
				3CAB4278206A9B9C00B96A8D /* Info.plist */,
				3CAB4279206A9B9C00B96A8D /* main.m */,
				3CAB4283206BE89700B96A8D /* FoodTableViewCell.h */,
				3CAB4284206BE89700B96A8D /* FoodTableViewCell.m */,
				3CAB4286206BECF000B96A8D /* MenuTableViewController.h */,
				3CAB4287206BECF000B96A8D /* MenuTableViewController.m */,
			);
			path = AcamicaCourseApp;
			sourceTree = "<group>";
		};
/* End PBXGroup section */

/* Begin PBXNativeTarget section */
		3CAB4266206A9B9C00B96A8D /* AcamicaCourseApp */ = {
			isa = PBXNativeTarget;
			buildConfigurationList = 3CAB427D206A9B9C00B96A8D /* Build configuration list for PBXNativeTarget "AcamicaCourseApp" */;
			buildPhases = (
				3CAB4263206A9B9C00B96A8D /* Sources */,
				3CAB4264206A9B9C00B96A8D /* Frameworks */,
				3CAB4265206A9B9C00B96A8D /* Resources */,
			);
			buildRules = (
			);
			dependencies = (
			);
			name = AcamicaCourseApp;
			productName = AcamicaCourseApp;
			productReference = 3CAB4267206A9B9C00B96A8D /* AcamicaCourseApp.app */;
			productType = "com.apple.product-type.application";
		};
/* End PBXNativeTarget section */

/* Begin PBXProject section */
		3CAB425F206A9B9C00B96A8D /* Project object */ = {
			isa = PBXProject;
			attributes = {
				LastUpgradeCheck = 0920;
				ORGANIZATIONNAME = "Santiago Romero Restrepo";
				TargetAttributes = {
					3CAB4266206A9B9C00B96A8D = {
						CreatedOnToolsVersion = 9.2;
						ProvisioningStyle = Automatic;
					};
				};
			};
			buildConfigurationList = 3CAB4262206A9B9C00B96A8D /* Build configuration list for PBXProject "AcamicaCourseApp" */;
			compatibilityVersion = "Xcode 8.0";
			developmentRegion = en;
			hasScannedForEncodings = 0;
			knownRegions = (
				en,
				Base,
			);
			mainGroup = 3CAB425E206A9B9C00B96A8D;
			productRefGroup = 3CAB4268206A9B9C00B96A8D /* Products */;
			projectDirPath = "";
			projectRoot = "";
			targets = (
				3CAB4266206A9B9C00B96A8D /* AcamicaCourseApp */,
			);
		};
/* End PBXProject section */

/* Begin PBXResourcesBuildPhase section */
		3CAB4265206A9B9C00B96A8D /* Resources */ = {
			isa = PBXResourcesBuildPhase;
			buildActionMask = 2147483647;
			files = (
				3CAB4277206A9B9C00B96A8D /* LaunchScreen.storyboard in Resources */,
				3CAB4274206A9B9C00B96A8D /* Assets.xcassets in Resources */,
				3CAB4272206A9B9C00B96A8D /* Main.storyboard in Resources */,
			);
			runOnlyForDeploymentPostprocessing = 0;
		};
/* End PBXResourcesBuildPhase section */

/* Begin PBXSourcesBuildPhase section */
		3CAB4263206A9B9C00B96A8D /* Sources */ = {
			isa = PBXSourcesBuildPhase;
			buildActionMask = 2147483647;
			files = (
				3CAB426F206A9B9C00B96A8D /* ViewController.m in Sources */,
				3CAB4282206AA5F100B96A8D /* Food.m in Sources */,
				3CAB427A206A9B9C00B96A8D /* main.m in Sources */,
				3CAB426C206A9B9C00B96A8D /* AppDelegate.m in Sources */,
				3CAB4288206BECF000B96A8D /* MenuTableViewController.m in Sources */,
				3CAB4285206BE89700B96A8D /* FoodTableViewCell.m in Sources */,
			);
			runOnlyForDeploymentPostprocessing = 0;
		};
/* End PBXSourcesBuildPhase section */

/* Begin PBXVariantGroup section */
		3CAB4270206A9B9C00B96A8D /* Main.storyboard */ = {
			isa = PBXVariantGroup;
			children = (
				3CAB4271206A9B9C00B96A8D /* Base */,
			);
			name = Main.storyboard;
			sourceTree = "<group>";
		};
		3CAB4275206A9B9C00B96A8D /* LaunchScreen.storyboard */ = {
			isa = PBXVariantGroup;
			children = (
				3CAB4276206A9B9C00B96A8D /* Base */,
			);
			name = LaunchScreen.storyboard;
			sourceTree = "<group>";
		};
/* End PBXVariantGroup section */

/* Begin XCBuildConfiguration section */
		3CAB427B206A9B9C00B96A8D /* Debug */ = {
			isa = XCBuildConfiguration;
			buildSettings = {
				ALWAYS_SEARCH_USER_PATHS = NO;
				CLANG_ANALYZER_NONNULL = YES;
				CLANG_ANALYZER_NUMBER_OBJECT_CONVERSION = YES_AGGRESSIVE;
				CLANG_CXX_LANGUAGE_STANDARD = "gnu++14";
				CLANG_CXX_LIBRARY = "libc++";
				CLANG_ENABLE_MODULES = YES;
				CLANG_ENABLE_OBJC_ARC = YES;
				CLANG_WARN_BLOCK_CAPTURE_AUTORELEASING = YES;
				CLANG_WARN_BOOL_CONVERSION = YES;
				CLANG_WARN_COMMA = YES;
				CLANG_WARN_CONSTANT_CONVERSION = YES;
				CLANG_WARN_DIRECT_OBJC_ISA_USAGE = YES_ERROR;
				CLANG_WARN_DOCUMENTATION_COMMENTS = YES;
				CLANG_WARN_EMPTY_BODY = YES;
				CLANG_WARN_ENUM_CONVERSION = YES;
				CLANG_WARN_INFINITE_RECURSION = YES;
				CLANG_WARN_INT_CONVERSION = YES;
				CLANG_WARN_NON_LITERAL_NULL_CONVERSION = YES;
				CLANG_WARN_OBJC_LITERAL_CONVERSION = YES;
				CLANG_WARN_OBJC_ROOT_CLASS = YES_ERROR;
				CLANG_WARN_RANGE_LOOP_ANALYSIS = YES;
				CLANG_WARN_STRICT_PROTOTYPES = YES;
				CLANG_WARN_SUSPICIOUS_MOVE = YES;
				CLANG_WARN_UNGUARDED_AVAILABILITY = YES_AGGRESSIVE;
				CLANG_WARN_UNREACHABLE_CODE = YES;
				CLANG_WARN__DUPLICATE_METHOD_MATCH = YES;
				CODE_SIGN_IDENTITY = "iPhone Developer";
				COPY_PHASE_STRIP = NO;
				DEBUG_INFORMATION_FORMAT = dwarf;
				ENABLE_STRICT_OBJC_MSGSEND = YES;
				ENABLE_TESTABILITY = YES;
				GCC_C_LANGUAGE_STANDARD = gnu11;
				GCC_DYNAMIC_NO_PIC = NO;
				GCC_NO_COMMON_BLOCKS = YES;
				GCC_OPTIMIZATION_LEVEL = 0;
				GCC_PREPROCESSOR_DEFINITIONS = (
					"DEBUG=1",
					"$(inherited)",
				);
				GCC_WARN_64_TO_32_BIT_CONVERSION = YES;
				GCC_WARN_ABOUT_RETURN_TYPE = YES_ERROR;
				GCC_WARN_UNDECLARED_SELECTOR = YES;
				GCC_WARN_UNINITIALIZED_AUTOS = YES_AGGRESSIVE;
				GCC_WARN_UNUSED_FUNCTION = YES;
				GCC_WARN_UNUSED_VARIABLE = YES;
				IPHONEOS_DEPLOYMENT_TARGET = 11.2;
				MTL_ENABLE_DEBUG_INFO = YES;
				ONLY_ACTIVE_ARCH = YES;
				SDKROOT = iphoneos;
			};
			name = Debug;
		};
		3CAB427C206A9B9C00B96A8D /* Release */ = {
			isa = XCBuildConfiguration;
			buildSettings = {
				ALWAYS_SEARCH_USER_PATHS = NO;
				CLANG_ANALYZER_NONNULL = YES;
				CLANG_ANALYZER_NUMBER_OBJECT_CONVERSION = YES_AGGRESSIVE;
				CLANG_CXX_LANGUAGE_STANDARD = "gnu++14";
				CLANG_CXX_LIBRARY = "libc++";
				CLANG_ENABLE_MODULES = YES;
				CLANG_ENABLE_OBJC_ARC = YES;
				CLANG_WARN_BLOCK_CAPTURE_AUTORELEASING = YES;
				CLANG_WARN_BOOL_CONVERSION = YES;
				CLANG_WARN_COMMA = YES;
				CLANG_WARN_CONSTANT_CONVERSION = YES;
				CLANG_WARN_DIRECT_OBJC_ISA_USAGE = YES_ERROR;
				CLANG_WARN_DOCUMENTATION_COMMENTS = YES;
				CLANG_WARN_EMPTY_BODY = YES;
				CLANG_WARN_ENUM_CONVERSION = YES;
				CLANG_WARN_INFINITE_RECURSION = YES;
				CLANG_WARN_INT_CONVERSION = YES;
				CLANG_WARN_NON_LITERAL_NULL_CONVERSION = YES;
				CLANG_WARN_OBJC_LITERAL_CONVERSION = YES;
				CLANG_WARN_OBJC_ROOT_CLASS = YES_ERROR;
				CLANG_WARN_RANGE_LOOP_ANALYSIS = YES;
				CLANG_WARN_STRICT_PROTOTYPES = YES;
				CLANG_WARN_SUSPICIOUS_MOVE = YES;
				CLANG_WARN_UNGUARDED_AVAILABILITY = YES_AGGRESSIVE;
				CLANG_WARN_UNREACHABLE_CODE = YES;
				CLANG_WARN__DUPLICATE_METHOD_MATCH = YES;
				CODE_SIGN_IDENTITY = "iPhone Developer";
				COPY_PHASE_STRIP = NO;
				DEBUG_INFORMATION_FORMAT = "dwarf-with-dsym";
				ENABLE_NS_ASSERTIONS = NO;
				ENABLE_STRICT_OBJC_MSGSEND = YES;
				GCC_C_LANGUAGE_STANDARD = gnu11;
				GCC_NO_COMMON_BLOCKS = YES;
				GCC_WARN_64_TO_32_BIT_CONVERSION = YES;
				GCC_WARN_ABOUT_RETURN_TYPE = YES_ERROR;
				GCC_WARN_UNDECLARED_SELECTOR = YES;
				GCC_WARN_UNINITIALIZED_AUTOS = YES_AGGRESSIVE;
				GCC_WARN_UNUSED_FUNCTION = YES;
				GCC_WARN_UNUSED_VARIABLE = YES;
				IPHONEOS_DEPLOYMENT_TARGET = 11.2;
				MTL_ENABLE_DEBUG_INFO = NO;
				SDKROOT = iphoneos;
				VALIDATE_PRODUCT = YES;
			};
			name = Release;
		};
		3CAB427E206A9B9C00B96A8D /* Debug */ = {
			isa = XCBuildConfiguration;
			buildSettings = {
				ASSETCATALOG_COMPILER_APPICON_NAME = AppIcon;
				CODE_SIGN_STYLE = Automatic;
				INFOPLIST_FILE = AcamicaCourseApp/Info.plist;
				LD_RUNPATH_SEARCH_PATHS = "$(inherited) @executable_path/Frameworks";
				PRODUCT_BUNDLE_IDENTIFIER = com.acamica.AcamicaCourseApp;
				PRODUCT_NAME = "$(TARGET_NAME)";
				TARGETED_DEVICE_FAMILY = "1,2";
			};
			name = Debug;
		};
		3CAB427F206A9B9C00B96A8D /* Release */ = {
			isa = XCBuildConfiguration;
			buildSettings = {
				ASSETCATALOG_COMPILER_APPICON_NAME = AppIcon;
				CODE_SIGN_STYLE = Automatic;
				INFOPLIST_FILE = AcamicaCourseApp/Info.plist;
				LD_RUNPATH_SEARCH_PATHS = "$(inherited) @executable_path/Frameworks";
				PRODUCT_BUNDLE_IDENTIFIER = com.acamica.AcamicaCourseApp;
				PRODUCT_NAME = "$(TARGET_NAME)";
				TARGETED_DEVICE_FAMILY = "1,2";
			};
			name = Release;
		};
/* End XCBuildConfiguration section */

/* Begin XCConfigurationList section */
		3CAB4262206A9B9C00B96A8D /* Build configuration list for PBXProject "AcamicaCourseApp" */ = {
			isa = XCConfigurationList;
			buildConfigurations = (
				3CAB427B206A9B9C00B96A8D /* Debug */,
				3CAB427C206A9B9C00B96A8D /* Release */,
			);
			defaultConfigurationIsVisible = 0;
			defaultConfigurationName = Release;
		};
		3CAB427D206A9B9C00B96A8D /* Build configuration list for PBXNativeTarget "AcamicaCourseApp" */ = {
			isa = XCConfigurationList;
			buildConfigurations = (
				3CAB427E206A9B9C00B96A8D /* Debug */,
				3CAB427F206A9B9C00B96A8D /* Release */,
			);
			defaultConfigurationIsVisible = 0;
			defaultConfigurationName = Release;
		};
/* End XCConfigurationList section */
	};
	rootObject = 3CAB425F206A9B9C00B96A8D /* Project object */;
}
